// !$*UTF8*$!
{
	archiveVersion = 1;
	classes = {
	};
	objectVersion = 56;
	objects = {

/* Begin PBXBuildFile section */
		3F407F222BF64CD500DC9607 /* CrudApp.swift in Sources */ = {isa = PBXBuildFile; fileRef = 3F407F212BF64CD500DC9607 /* CrudApp.swift */; };
		3F407F242BF64CD500DC9607 /* MainView.swift in Sources */ = {isa = PBXBuildFile; fileRef = 3F407F232BF64CD500DC9607 /* MainView.swift */; };
		3F407F262BF64CD700DC9607 /* Assets.xcassets in Resources */ = {isa = PBXBuildFile; fileRef = 3F407F252BF64CD700DC9607 /* Assets.xcassets */; };
		3F407F292BF64CD700DC9607 /* Preview Assets.xcassets in Resources */ = {isa = PBXBuildFile; fileRef = 3F407F282BF64CD700DC9607 /* Preview Assets.xcassets */; };
		3F407F342BF655F200DC9607 /* CreateUserVIew.swift in Sources */ = {isa = PBXBuildFile; fileRef = 3F407F332BF655F200DC9607 /* CreateUserVIew.swift */; };
		3F407F362BF681D500DC9607 /* ListUserView.swift in Sources */ = {isa = PBXBuildFile; fileRef = 3F407F352BF681D500DC9607 /* ListUserView.swift */; };
		3F407F382BF6821600DC9607 /* UserModel.swift in Sources */ = {isa = PBXBuildFile; fileRef = 3F407F372BF6821600DC9607 /* UserModel.swift */; };
		3F407F3A2BF6DC2500DC9607 /* CreateUserViewModel.swift in Sources */ = {isa = PBXBuildFile; fileRef = 3F407F392BF6DC2500DC9607 /* CreateUserViewModel.swift */; };
		3F407F3E2BF9531900DC9607 /* UserItemView.swift in Sources */ = {isa = PBXBuildFile; fileRef = 3F407F3D2BF9531900DC9607 /* UserItemView.swift */; };
		3F407F402BF957A800DC9607 /* UserDetailsView.swift in Sources */ = {isa = PBXBuildFile; fileRef = 3F407F3F2BF957A800DC9607 /* UserDetailsView.swift */; };
		3F8530032C021E69009C98C9 /* EditingUserViewModel.swift in Sources */ = {isa = PBXBuildFile; fileRef = 3F8530022C021E69009C98C9 /* EditingUserViewModel.swift */; };
		3F9DEA292BFA75A000E60AEF /* ReadingUserViewModel.swift in Sources */ = {isa = PBXBuildFile; fileRef = 3F9DEA282BFA75A000E60AEF /* ReadingUserViewModel.swift */; };
		3F9DEA2B2BFFF6C100E60AEF /* EditUserView.swift in Sources */ = {isa = PBXBuildFile; fileRef = 3F9DEA2A2BFFF6C100E60AEF /* EditUserView.swift */; };
/* End PBXBuildFile section */

/* Begin PBXFileReference section */
		3F407F1E2BF64CD500DC9607 /* Crud.app */ = {isa = PBXFileReference; explicitFileType = wrapper.application; includeInIndex = 0; path = Crud.app; sourceTree = BUILT_PRODUCTS_DIR; };
		3F407F212BF64CD500DC9607 /* CrudApp.swift */ = {isa = PBXFileReference; lastKnownFileType = sourcecode.swift; path = CrudApp.swift; sourceTree = "<group>"; };
		3F407F232BF64CD500DC9607 /* MainView.swift */ = {isa = PBXFileReference; lastKnownFileType = sourcecode.swift; path = MainView.swift; sourceTree = "<group>"; };
		3F407F252BF64CD700DC9607 /* Assets.xcassets */ = {isa = PBXFileReference; lastKnownFileType = folder.assetcatalog; path = Assets.xcassets; sourceTree = "<group>"; };
		3F407F282BF64CD700DC9607 /* Preview Assets.xcassets */ = {isa = PBXFileReference; lastKnownFileType = folder.assetcatalog; path = "Preview Assets.xcassets"; sourceTree = "<group>"; };
		3F407F332BF655F200DC9607 /* CreateUserVIew.swift */ = {isa = PBXFileReference; lastKnownFileType = sourcecode.swift; path = CreateUserVIew.swift; sourceTree = "<group>"; };
		3F407F352BF681D500DC9607 /* ListUserView.swift */ = {isa = PBXFileReference; lastKnownFileType = sourcecode.swift; path = ListUserView.swift; sourceTree = "<group>"; };
		3F407F372BF6821600DC9607 /* UserModel.swift */ = {isa = PBXFileReference; lastKnownFileType = sourcecode.swift; path = UserModel.swift; sourceTree = "<group>"; };
		3F407F392BF6DC2500DC9607 /* CreateUserViewModel.swift */ = {isa = PBXFileReference; lastKnownFileType = sourcecode.swift; path = CreateUserViewModel.swift; sourceTree = "<group>"; };
		3F407F3D2BF9531900DC9607 /* UserItemView.swift */ = {isa = PBXFileReference; lastKnownFileType = sourcecode.swift; path = UserItemView.swift; sourceTree = "<group>"; };
		3F407F3F2BF957A800DC9607 /* UserDetailsView.swift */ = {isa = PBXFileReference; lastKnownFileType = sourcecode.swift; path = UserDetailsView.swift; sourceTree = "<group>"; };
		3F8530022C021E69009C98C9 /* EditingUserViewModel.swift */ = {isa = PBXFileReference; lastKnownFileType = sourcecode.swift; path = EditingUserViewModel.swift; sourceTree = "<group>"; };
		3F9DEA282BFA75A000E60AEF /* ReadingUserViewModel.swift */ = {isa = PBXFileReference; lastKnownFileType = sourcecode.swift; path = ReadingUserViewModel.swift; sourceTree = "<group>"; };
		3F9DEA2A2BFFF6C100E60AEF /* EditUserView.swift */ = {isa = PBXFileReference; lastKnownFileType = sourcecode.swift; path = EditUserView.swift; sourceTree = "<group>"; };
/* End PBXFileReference section */

/* Begin PBXFrameworksBuildPhase section */
		3F407F1B2BF64CD500DC9607 /* Frameworks */ = {
			isa = PBXFrameworksBuildPhase;
			buildActionMask = 2147483647;
			files = (
			);
			runOnlyForDeploymentPostprocessing = 0;
		};
/* End PBXFrameworksBuildPhase section */

/* Begin PBXGroup section */
		3F407F152BF64CD500DC9607 = {
			isa = PBXGroup;
			children = (
				3F407F202BF64CD500DC9607 /* Crud */,
				3F407F1F2BF64CD500DC9607 /* Products */,
			);
			sourceTree = "<group>";
		};
		3F407F1F2BF64CD500DC9607 /* Products */ = {
			isa = PBXGroup;
			children = (
				3F407F1E2BF64CD500DC9607 /* Crud.app */,
			);
			name = Products;
			sourceTree = "<group>";
		};
		3F407F202BF64CD500DC9607 /* Crud */ = {
			isa = PBXGroup;
			children = (
				3F407F212BF64CD500DC9607 /* CrudApp.swift */,
				3F407F312BF650C400DC9607 /* View */,
				3F407F2F2BF650B500DC9607 /* Model */,
				3F407F322BF650CA00DC9607 /* ViewModel */,
				3F407F252BF64CD700DC9607 /* Assets.xcassets */,
				3F407F272BF64CD700DC9607 /* Preview Content */,
			);
			path = Crud;
			sourceTree = "<group>";
		};
		3F407F272BF64CD700DC9607 /* Preview Content */ = {
			isa = PBXGroup;
			children = (
				3F407F282BF64CD700DC9607 /* Preview Assets.xcassets */,
			);
			path = "Preview Content";
			sourceTree = "<group>";
		};
		3F407F2F2BF650B500DC9607 /* Model */ = {
			isa = PBXGroup;
			children = (
				3F407F372BF6821600DC9607 /* UserModel.swift */,
			);
			path = Model;
			sourceTree = "<group>";
		};
		3F407F312BF650C400DC9607 /* View */ = {
			isa = PBXGroup;
			children = (
				3F407F232BF64CD500DC9607 /* MainView.swift */,
				3F407F332BF655F200DC9607 /* CreateUserVIew.swift */,
				3F407F352BF681D500DC9607 /* ListUserView.swift */,
				3F407F3D2BF9531900DC9607 /* UserItemView.swift */,
				3F407F3F2BF957A800DC9607 /* UserDetailsView.swift */,
				3F9DEA2A2BFFF6C100E60AEF /* EditUserView.swift */,
			);
			path = View;
			sourceTree = "<group>";
		};
		3F407F322BF650CA00DC9607 /* ViewModel */ = {
			isa = PBXGroup;
			children = (
				3F407F392BF6DC2500DC9607 /* CreateUserViewModel.swift */,
				3F9DEA282BFA75A000E60AEF /* ReadingUserViewModel.swift */,
				3F8530022C021E69009C98C9 /* EditingUserViewModel.swift */,
			);
			path = ViewModel;
			sourceTree = "<group>";
		};
/* End PBXGroup section */

/* Begin PBXNativeTarget section */
		3F407F1D2BF64CD500DC9607 /* Crud */ = {
			isa = PBXNativeTarget;
			buildConfigurationList = 3F407F2C2BF64CD700DC9607 /* Build configuration list for PBXNativeTarget "Crud" */;
			buildPhases = (
				3F407F1A2BF64CD500DC9607 /* Sources */,
				3F407F1B2BF64CD500DC9607 /* Frameworks */,
				3F407F1C2BF64CD500DC9607 /* Resources */,
			);
			buildRules = (
			);
			dependencies = (
			);
			name = Crud;
			productName = Crud;
			productReference = 3F407F1E2BF64CD500DC9607 /* Crud.app */;
			productType = "com.apple.product-type.application";
		};
/* End PBXNativeTarget section */

/* Begin PBXProject section */
		3F407F162BF64CD500DC9607 /* Project object */ = {
			isa = PBXProject;
			attributes = {
				BuildIndependentTargetsInParallel = 1;
				LastSwiftUpdateCheck = 1530;
				LastUpgradeCheck = 1530;
				TargetAttributes = {
					3F407F1D2BF64CD500DC9607 = {
						CreatedOnToolsVersion = 15.3;
					};
				};
			};
			buildConfigurationList = 3F407F192BF64CD500DC9607 /* Build configuration list for PBXProject "Crud" */;
			compatibilityVersion = "Xcode 14.0";
			developmentRegion = en;
			hasScannedForEncodings = 0;
			knownRegions = (
				en,
				Base,
			);
			mainGroup = 3F407F152BF64CD500DC9607;
			productRefGroup = 3F407F1F2BF64CD500DC9607 /* Products */;
			projectDirPath = "";
			projectRoot = "";
			targets = (
				3F407F1D2BF64CD500DC9607 /* Crud */,
			);
		};
/* End PBXProject section */

/* Begin PBXResourcesBuildPhase section */
		3F407F1C2BF64CD500DC9607 /* Resources */ = {
			isa = PBXResourcesBuildPhase;
			buildActionMask = 2147483647;
			files = (
				3F407F292BF64CD700DC9607 /* Preview Assets.xcassets in Resources */,
				3F407F262BF64CD700DC9607 /* Assets.xcassets in Resources */,
			);
			runOnlyForDeploymentPostprocessing = 0;
		};
/* End PBXResourcesBuildPhase section */

/* Begin PBXSourcesBuildPhase section */
		3F407F1A2BF64CD500DC9607 /* Sources */ = {
			isa = PBXSourcesBuildPhase;
			buildActionMask = 2147483647;
			files = (
				3F407F362BF681D500DC9607 /* ListUserView.swift in Sources */,
				3F9DEA2B2BFFF6C100E60AEF /* EditUserView.swift in Sources */,
				3F407F402BF957A800DC9607 /* UserDetailsView.swift in Sources */,
				3F407F242BF64CD500DC9607 /* MainView.swift in Sources */,
				3F407F342BF655F200DC9607 /* CreateUserVIew.swift in Sources */,
				3F8530032C021E69009C98C9 /* EditingUserViewModel.swift in Sources */,
				3F9DEA292BFA75A000E60AEF /* ReadingUserViewModel.swift in Sources */,
				3F407F382BF6821600DC9607 /* UserModel.swift in Sources */,
				3F407F222BF64CD500DC9607 /* CrudApp.swift in Sources */,
				3F407F3A2BF6DC2500DC9607 /* CreateUserViewModel.swift in Sources */,
				3F407F3E2BF9531900DC9607 /* UserItemView.swift in Sources */,
			);
			runOnlyForDeploymentPostprocessing = 0;
		};
/* End PBXSourcesBuildPhase section */

/* Begin XCBuildConfiguration section */
		3F407F2A2BF64CD700DC9607 /* Debug */ = {
			isa = XCBuildConfiguration;
			buildSettings = {
				ALWAYS_SEARCH_USER_PATHS = NO;
				ASSETCATALOG_COMPILER_GENERATE_SWIFT_ASSET_SYMBOL_EXTENSIONS = YES;
				CLANG_ANALYZER_NONNULL = YES;
				CLANG_ANALYZER_NUMBER_OBJECT_CONVERSION = YES_AGGRESSIVE;
				CLANG_CXX_LANGUAGE_STANDARD = "gnu++20";
				CLANG_ENABLE_MODULES = YES;
				CLANG_ENABLE_OBJC_ARC = YES;
				CLANG_ENABLE_OBJC_WEAK = YES;
				CLANG_WARN_BLOCK_CAPTURE_AUTORELEASING = YES;
				CLANG_WARN_BOOL_CONVERSION = YES;
				CLANG_WARN_COMMA = YES;
				CLANG_WARN_CONSTANT_CONVERSION = YES;
				CLANG_WARN_DEPRECATED_OBJC_IMPLEMENTATIONS = YES;
				CLANG_WARN_DIRECT_OBJC_ISA_USAGE = YES_ERROR;
				CLANG_WARN_DOCUMENTATION_COMMENTS = YES;
				CLANG_WARN_EMPTY_BODY = YES;
				CLANG_WARN_ENUM_CONVERSION = YES;
				CLANG_WARN_INFINITE_RECURSION = YES;
				CLANG_WARN_INT_CONVERSION = YES;
				CLANG_WARN_NON_LITERAL_NULL_CONVERSION = YES;
				CLANG_WARN_OBJC_IMPLICIT_RETAIN_SELF = YES;
				CLANG_WARN_OBJC_LITERAL_CONVERSION = YES;
				CLANG_WARN_OBJC_ROOT_CLASS = YES_ERROR;
				CLANG_WARN_QUOTED_INCLUDE_IN_FRAMEWORK_HEADER = YES;
				CLANG_WARN_RANGE_LOOP_ANALYSIS = YES;
				CLANG_WARN_STRICT_PROTOTYPES = YES;
				CLANG_WARN_SUSPICIOUS_MOVE = YES;
				CLANG_WARN_UNGUARDED_AVAILABILITY = YES_AGGRESSIVE;
				CLANG_WARN_UNREACHABLE_CODE = YES;
				CLANG_WARN__DUPLICATE_METHOD_MATCH = YES;
				COPY_PHASE_STRIP = NO;
				DEBUG_INFORMATION_FORMAT = dwarf;
				ENABLE_STRICT_OBJC_MSGSEND = YES;
				ENABLE_TESTABILITY = YES;
				ENABLE_USER_SCRIPT_SANDBOXING = YES;
				GCC_C_LANGUAGE_STANDARD = gnu17;
				GCC_DYNAMIC_NO_PIC = NO;
				GCC_NO_COMMON_BLOCKS = YES;
				GCC_OPTIMIZATION_LEVEL = 0;
				GCC_PREPROCESSOR_DEFINITIONS = (
					"DEBUG=1",
					"$(inherited)",
				);
				GCC_WARN_64_TO_32_BIT_CONVERSION = YES;
				GCC_WARN_ABOUT_RETURN_TYPE = YES_ERROR;
				GCC_WARN_UNDECLARED_SELECTOR = YES;
				GCC_WARN_UNINITIALIZED_AUTOS = YES_AGGRESSIVE;
				GCC_WARN_UNUSED_FUNCTION = YES;
				GCC_WARN_UNUSED_VARIABLE = YES;
				IPHONEOS_DEPLOYMENT_TARGET = 17.4;
				LOCALIZATION_PREFERS_STRING_CATALOGS = YES;
				MTL_ENABLE_DEBUG_INFO = INCLUDE_SOURCE;
				MTL_FAST_MATH = YES;
				ONLY_ACTIVE_ARCH = YES;
				SDKROOT = iphoneos;
				SWIFT_ACTIVE_COMPILATION_CONDITIONS = "DEBUG $(inherited)";
				SWIFT_OPTIMIZATION_LEVEL = "-Onone";
			};
			name = Debug;
		};
		3F407F2B2BF64CD700DC9607 /* Release */ = {
			isa = XCBuildConfiguration;
			buildSettings = {
				ALWAYS_SEARCH_USER_PATHS = NO;
				ASSETCATALOG_COMPILER_GENERATE_SWIFT_ASSET_SYMBOL_EXTENSIONS = YES;
				CLANG_ANALYZER_NONNULL = YES;
				CLANG_ANALYZER_NUMBER_OBJECT_CONVERSION = YES_AGGRESSIVE;
				CLANG_CXX_LANGUAGE_STANDARD = "gnu++20";
				CLANG_ENABLE_MODULES = YES;
				CLANG_ENABLE_OBJC_ARC = YES;
				CLANG_ENABLE_OBJC_WEAK = YES;
				CLANG_WARN_BLOCK_CAPTURE_AUTORELEASING = YES;
				CLANG_WARN_BOOL_CONVERSION = YES;
				CLANG_WARN_COMMA = YES;
				CLANG_WARN_CONSTANT_CONVERSION = YES;
				CLANG_WARN_DEPRECATED_OBJC_IMPLEMENTATIONS = YES;
				CLANG_WARN_DIRECT_OBJC_ISA_USAGE = YES_ERROR;
				CLANG_WARN_DOCUMENTATION_COMMENTS = YES;
				CLANG_WARN_EMPTY_BODY = YES;
				CLANG_WARN_ENUM_CONVERSION = YES;
				CLANG_WARN_INFINITE_RECURSION = YES;
				CLANG_WARN_INT_CONVERSION = YES;
				CLANG_WARN_NON_LITERAL_NULL_CONVERSION = YES;
				CLANG_WARN_OBJC_IMPLICIT_RETAIN_SELF = YES;
				CLANG_WARN_OBJC_LITERAL_CONVERSION = YES;
				CLANG_WARN_OBJC_ROOT_CLASS = YES_ERROR;
				CLANG_WARN_QUOTED_INCLUDE_IN_FRAMEWORK_HEADER = YES;
				CLANG_WARN_RANGE_LOOP_ANALYSIS = YES;
				CLANG_WARN_STRICT_PROTOTYPES = YES;
				CLANG_WARN_SUSPICIOUS_MOVE = YES;
				CLANG_WARN_UNGUARDED_AVAILABILITY = YES_AGGRESSIVE;
				CLANG_WARN_UNREACHABLE_CODE = YES;
				CLANG_WARN__DUPLICATE_METHOD_MATCH = YES;
				COPY_PHASE_STRIP = NO;
				DEBUG_INFORMATION_FORMAT = "dwarf-with-dsym";
				ENABLE_NS_ASSERTIONS = NO;
				ENABLE_STRICT_OBJC_MSGSEND = YES;
				ENABLE_USER_SCRIPT_SANDBOXING = YES;
				GCC_C_LANGUAGE_STANDARD = gnu17;
				GCC_NO_COMMON_BLOCKS = YES;
				GCC_WARN_64_TO_32_BIT_CONVERSION = YES;
				GCC_WARN_ABOUT_RETURN_TYPE = YES_ERROR;
				GCC_WARN_UNDECLARED_SELECTOR = YES;
				GCC_WARN_UNINITIALIZED_AUTOS = YES_AGGRESSIVE;
				GCC_WARN_UNUSED_FUNCTION = YES;
				GCC_WARN_UNUSED_VARIABLE = YES;
				IPHONEOS_DEPLOYMENT_TARGET = 17.4;
				LOCALIZATION_PREFERS_STRING_CATALOGS = YES;
				MTL_ENABLE_DEBUG_INFO = NO;
				MTL_FAST_MATH = YES;
				SDKROOT = iphoneos;
				SWIFT_COMPILATION_MODE = wholemodule;
				VALIDATE_PRODUCT = YES;
			};
			name = Release;
		};
		3F407F2D2BF64CD700DC9607 /* Debug */ = {
			isa = XCBuildConfiguration;
			buildSettings = {
				ASSETCATALOG_COMPILER_APPICON_NAME = AppIcon;
				ASSETCATALOG_COMPILER_GLOBAL_ACCENT_COLOR_NAME = AccentColor;
				CODE_SIGN_STYLE = Automatic;
				CURRENT_PROJECT_VERSION = 1;
				DEVELOPMENT_ASSET_PATHS = "\"Crud/Preview Content\"";
				ENABLE_PREVIEWS = YES;
				GENERATE_INFOPLIST_FILE = YES;
				INFOPLIST_KEY_UIApplicationSceneManifest_Generation = YES;
				INFOPLIST_KEY_UIApplicationSupportsIndirectInputEvents = YES;
				INFOPLIST_KEY_UILaunchScreen_Generation = YES;
				INFOPLIST_KEY_UISupportedInterfaceOrientations_iPad = "UIInterfaceOrientationPortrait UIInterfaceOrientationPortraitUpsideDown UIInterfaceOrientationLandscapeLeft UIInterfaceOrientationLandscapeRight";
				INFOPLIST_KEY_UISupportedInterfaceOrientations_iPhone = "UIInterfaceOrientationPortrait UIInterfaceOrientationLandscapeLeft UIInterfaceOrientationLandscapeRight";
				LD_RUNPATH_SEARCH_PATHS = (
					"$(inherited)",
					"@executable_path/Frameworks",
				);
				MARKETING_VERSION = 1.0;
				PRODUCT_BUNDLE_IDENTIFIER = Doni.Crud;
				PRODUCT_NAME = "$(TARGET_NAME)";
				SWIFT_EMIT_LOC_STRINGS = YES;
				SWIFT_VERSION = 5.0;
				TARGETED_DEVICE_FAMILY = "1,2";
			};
			name = Debug;
		};
		3F407F2E2BF64CD700DC9607 /* Release */ = {
			isa = XCBuildConfiguration;
			buildSettings = {
				ASSETCATALOG_COMPILER_APPICON_NAME = AppIcon;
				ASSETCATALOG_COMPILER_GLOBAL_ACCENT_COLOR_NAME = AccentColor;
				CODE_SIGN_STYLE = Automatic;
				CURRENT_PROJECT_VERSION = 1;
				DEVELOPMENT_ASSET_PATHS = "\"Crud/Preview Content\"";
				ENABLE_PREVIEWS = YES;
				GENERATE_INFOPLIST_FILE = YES;
				INFOPLIST_KEY_UIApplicationSceneManifest_Generation = YES;
				INFOPLIST_KEY_UIApplicationSupportsIndirectInputEvents = YES;
				INFOPLIST_KEY_UILaunchScreen_Generation = YES;
				INFOPLIST_KEY_UISupportedInterfaceOrientations_iPad = "UIInterfaceOrientationPortrait UIInterfaceOrientationPortraitUpsideDown UIInterfaceOrientationLandscapeLeft UIInterfaceOrientationLandscapeRight";
				INFOPLIST_KEY_UISupportedInterfaceOrientations_iPhone = "UIInterfaceOrientationPortrait UIInterfaceOrientationLandscapeLeft UIInterfaceOrientationLandscapeRight";
				LD_RUNPATH_SEARCH_PATHS = (
					"$(inherited)",
					"@executable_path/Frameworks",
				);
				MARKETING_VERSION = 1.0;
				PRODUCT_BUNDLE_IDENTIFIER = Doni.Crud;
				PRODUCT_NAME = "$(TARGET_NAME)";
				SWIFT_EMIT_LOC_STRINGS = YES;
				SWIFT_VERSION = 5.0;
				TARGETED_DEVICE_FAMILY = "1,2";
			};
			name = Release;
		};
/* End XCBuildConfiguration section */

/* Begin XCConfigurationList section */
		3F407F192BF64CD500DC9607 /* Build configuration list for PBXProject "Crud" */ = {
			isa = XCConfigurationList;
			buildConfigurations = (
				3F407F2A2BF64CD700DC9607 /* Debug */,
				3F407F2B2BF64CD700DC9607 /* Release */,
			);
			defaultConfigurationIsVisible = 0;
			defaultConfigurationName = Release;
		};
		3F407F2C2BF64CD700DC9607 /* Build configuration list for PBXNativeTarget "Crud" */ = {
			isa = XCConfigurationList;
			buildConfigurations = (
				3F407F2D2BF64CD700DC9607 /* Debug */,
				3F407F2E2BF64CD700DC9607 /* Release */,
			);
			defaultConfigurationIsVisible = 0;
			defaultConfigurationName = Release;
		};
/* End XCConfigurationList section */
	};
	rootObject = 3F407F162BF64CD500DC9607 /* Project object */;
}
